<?xml version="1.0" encoding="utf-8"?>
<Project ToolsVersion="4.0" xmlns="http://schemas.microsoft.com/developer/msbuild/2003">
  <ItemGroup>
    <Filter Include="Preprocessing">
      <UniqueIdentifier>{3a7a3872-c4cd-4fd8-a952-e777e7c07c49}</UniqueIdentifier>
    </Filter>
    <Filter Include="Utilities">
      <UniqueIdentifier>{dfed5fc4-cfa5-45b8-a17b-219d95f20fc3}</UniqueIdentifier>
    </Filter>
    <Filter Include="Main">
      <UniqueIdentifier>{30c80e67-0980-402b-be92-fc95a2263b0e}</UniqueIdentifier>
    </Filter>
    <Filter Include="Utilities\Gradients">
      <UniqueIdentifier>{549dd797-3257-458a-94b8-44c1f4c1d945}</UniqueIdentifier>
    </Filter>
    <Filter Include="TestData">
      <UniqueIdentifier>{046fe920-2e56-4223-b08a-b943058b7246}</UniqueIdentifier>
    </Filter>
    <Filter Include="Utilities\Wrappers">
      <UniqueIdentifier>{7a898293-12b7-4475-8432-e3e60ee69e90}</UniqueIdentifier>
    </Filter>
    <Filter Include="Preprocessing\QualityMaps">
      <UniqueIdentifier>{0808a797-bd98-4e80-9c97-5ecc3e48cb50}</UniqueIdentifier>
    </Filter>
    <Filter Include="Preprocessing\Filters">
      <UniqueIdentifier>{65d8e136-5a02-4e61-930f-cb4b1c4752f3}</UniqueIdentifier>
    </Filter>
    <Filter Include="Preprocessing\Masks">
      <UniqueIdentifier>{127e433b-fc3b-4fad-88d7-dfd01bd783b9}</UniqueIdentifier>
    </Filter>
  </ItemGroup>
  <ItemGroup>
    <ClInclude Include="Bitflags.h">
      <Filter>Utilities</Filter>
    </ClInclude>
    <ClInclude Include="Gradients.h">
      <Filter>Utilities\Gradients</Filter>
    </ClInclude>
    <ClInclude Include="TestData.h">
      <Filter>TestData</Filter>
    </ClInclude>
    <ClInclude Include="Utils.h">
      <Filter>Utilities</Filter>
    </ClInclude>
    <ClInclude Include="Wrappers.h">
      <Filter>Utilities\Wrappers</Filter>
    </ClInclude>
    <ClInclude Include="QualityMaps.h">
      <Filter>Preprocessing\QualityMaps</Filter>
    </ClInclude>
    <ClInclude Include="Filters.h">
      <Filter>Preprocessing\Filters</Filter>
    </ClInclude>
    <ClInclude Include="Masks.h">
      <Filter>Preprocessing\Masks</Filter>
    </ClInclude>
  </ItemGroup>
  <ItemGroup>
    <ClCompile Include="Main.cpp">
      <Filter>Main</Filter>
    </ClCompile>
    <ClCompile Include="Gradients.cpp">
      <Filter>Utilities\Gradients</Filter>
    </ClCompile>
    <ClCompile Include="TestData.cpp">
      <Filter>TestData</Filter>
    </ClCompile>
    <ClCompile Include="Wrappers.cpp">
      <Filter>Utilities\Wrappers</Filter>
    </ClCompile>
    <ClCompile Include="QualityMaps.cpp">
      <Filter>Preprocessing\QualityMaps</Filter>
    </ClCompile>
    <ClCompile Include="Filters.cpp">
      <Filter>Preprocessing\Filters</Filter>
    </ClCompile>
    <ClCompile Include="Utils.cpp">
      <Filter>Utilities</Filter>
    </ClCompile>
  </ItemGroup>
</Project>